
Microsoft Visual Studio Solution File, Format Version 12.00
# Visual Studio 15
VisualStudioVersion = 15.0.26228.9
MinimumVisualStudioVersion = 10.0.40219.1
Project("{2150E333-8FDC-42A3-9474-1A3956D46DE8}") = "src", "src", "{9C3EC537-B59E-4121-A0CA-F16CDC241CB4}"
EndProject
Project("{2150E333-8FDC-42A3-9474-1A3956D46DE8}") = "Solution Items", "Solution Items", "{4E442E26-D7E1-458B-A826-06FA08FB1ED7}"
	ProjectSection(SolutionItems) = preProject
		.gitignore = .gitignore
		build_release.cmd = build_release.cmd
		build_release.sh = build_release.sh
		global.json = global.json
		LICENSE = LICENSE
		README.md = README.md
	EndProjectSection
EndProject
Project("{FAE04EC0-301F-11D3-BF4B-00C04F79EFBC}") = "Launcher", "src\Launcher\Launcher.csproj", "{514F2642-3881-47DA-8141-65784EDAE8DA}"
EndProject
Project("{9A19103F-16F7-4668-BE54-9A1E7A4F7556}") = "ConfigUtil", "src\ConfigUtil\ConfigUtil.csproj", "{944DB5A8-272F-45C7-BDE1-AF5424F42435}"
EndProject
Project("{9A19103F-16F7-4668-BE54-9A1E7A4F7556}") = "OSVR.Config", "src\OSVR.Config\OSVR.Config.csproj", "{6AB35A2A-1D74-4128-B7EA-889CB0AAC0D1}"
EndProject
Project("{9A19103F-16F7-4668-BE54-9A1E7A4F7556}") = "OSVR.Config.Controllers", "src\OSVR.Config.Controllers\OSVR.Config.Controllers.csproj", "{5825721F-68B9-4546-8191-8B01F6545C8E}"
EndProject
Global
	GlobalSection(SolutionConfigurationPlatforms) = preSolution
		Debug|Any CPU = Debug|Any CPU
		Release|Any CPU = Release|Any CPU
	EndGlobalSection
	GlobalSection(ProjectConfigurationPlatforms) = postSolution
		{514F2642-3881-47DA-8141-65784EDAE8DA}.Debug|Any CPU.ActiveCfg = Debug|Any CPU
		{514F2642-3881-47DA-8141-65784EDAE8DA}.Debug|Any CPU.Build.0 = Debug|Any CPU
		{514F2642-3881-47DA-8141-65784EDAE8DA}.Release|Any CPU.ActiveCfg = Release|Any CPU
		{514F2642-3881-47DA-8141-65784EDAE8DA}.Release|Any CPU.Build.0 = Release|Any CPU
		{944DB5A8-272F-45C7-BDE1-AF5424F42435}.Debug|Any CPU.ActiveCfg = Debug|Any CPU
		{944DB5A8-272F-45C7-BDE1-AF5424F42435}.Debug|Any CPU.Build.0 = Debug|Any CPU
		{944DB5A8-272F-45C7-BDE1-AF5424F42435}.Release|Any CPU.ActiveCfg = Release|Any CPU
		{944DB5A8-272F-45C7-BDE1-AF5424F42435}.Release|Any CPU.Build.0 = Release|Any CPU
		{6AB35A2A-1D74-4128-B7EA-889CB0AAC0D1}.Debug|Any CPU.ActiveCfg = Debug|Any CPU
		{6AB35A2A-1D74-4128-B7EA-889CB0AAC0D1}.Debug|Any CPU.Build.0 = Debug|Any CPU
		{6AB35A2A-1D74-4128-B7EA-889CB0AAC0D1}.Release|Any CPU.ActiveCfg = Release|Any CPU
		{6AB35A2A-1D74-4128-B7EA-889CB0AAC0D1}.Release|Any CPU.Build.0 = Release|Any CPU
		{5825721F-68B9-4546-8191-8B01F6545C8E}.Debug|Any CPU.ActiveCfg = Debug|Any CPU
		{5825721F-68B9-4546-8191-8B01F6545C8E}.Debug|Any CPU.Build.0 = Debug|Any CPU
		{5825721F-68B9-4546-8191-8B01F6545C8E}.Release|Any CPU.ActiveCfg = Release|Any CPU
		{5825721F-68B9-4546-8191-8B01F6545C8E}.Release|Any CPU.Build.0 = Release|Any CPU
	EndGlobalSection
	GlobalSection(SolutionProperties) = preSolution
		HideSolutionNode = FALSE
	EndGlobalSection
	GlobalSection(NestedProjects) = preSolution
		{514F2642-3881-47DA-8141-65784EDAE8DA} = {9C3EC537-B59E-4121-A0CA-F16CDC241CB4}
		{944DB5A8-272F-45C7-BDE1-AF5424F42435} = {9C3EC537-B59E-4121-A0CA-F16CDC241CB4}
		{6AB35A2A-1D74-4128-B7EA-889CB0AAC0D1} = {9C3EC537-B59E-4121-A0CA-F16CDC241CB4}
		{5825721F-68B9-4546-8191-8B01F6545C8E} = {9C3EC537-B59E-4121-A0CA-F16CDC241CB4}
	EndGlobalSection
EndGlobal
